// !$*UTF8*$!
{
	archiveVersion = 1;
	classes = {
	};
	objectVersion = 51;
	objects = {

/* Begin PBXBuildFile section */
		230273AF25E93C4A00DC6C31 /* UserInfo.swift in Sources */ = {isa = PBXBuildFile; fileRef = 230273AE25E93C4A00DC6C31 /* UserInfo.swift */; };
		23104218261B34A7006B2EE4 /* GameRoomsViewController.swift in Sources */ = {isa = PBXBuildFile; fileRef = 23104217261B34A7006B2EE4 /* GameRoomsViewController.swift */; };
		2310421E261B39E4006B2EE4 /* Game.swift in Sources */ = {isa = PBXBuildFile; fileRef = 2310421D261B39E4006B2EE4 /* Game.swift */; };
		23104221261B56E8006B2EE4 /* GameCell.swift in Sources */ = {isa = PBXBuildFile; fileRef = 23104220261B56E8006B2EE4 /* GameCell.swift */; };
		232E738B25F56B560029D39C /* ChallengeCell.swift in Sources */ = {isa = PBXBuildFile; fileRef = 232E738A25F56B560029D39C /* ChallengeCell.swift */; };
		232E738E25F56BAC0029D39C /* Challenge.swift in Sources */ = {isa = PBXBuildFile; fileRef = 232E738D25F56BAC0029D39C /* Challenge.swift */; };
		232E739125F588290029D39C /* ChallengeViewController.swift in Sources */ = {isa = PBXBuildFile; fileRef = 232E739025F588290029D39C /* ChallengeViewController.swift */; };
		2357979D2607E3280017C166 /* CommentViewController.swift in Sources */ = {isa = PBXBuildFile; fileRef = 2357979C2607E3280017C166 /* CommentViewController.swift */; };
		235797A02607E4420017C166 /* Comment.swift in Sources */ = {isa = PBXBuildFile; fileRef = 2357979F2607E4420017C166 /* Comment.swift */; };
		235797A32607E4540017C166 /* CommentCell.swift in Sources */ = {isa = PBXBuildFile; fileRef = 235797A22607E4540017C166 /* CommentCell.swift */; };
		236C961325E182BB0032ECC3 /* AddPostController.swift in Sources */ = {isa = PBXBuildFile; fileRef = 236C961225E182BB0032ECC3 /* AddPostController.swift */; };
		23985FBF26021BB100FB2764 /* GameViewController.swift in Sources */ = {isa = PBXBuildFile; fileRef = 23985FBE26021BB100FB2764 /* GameViewController.swift */; };
		2399CF3E2617363900FD9B1C /* TrainerChallengeViewController.swift in Sources */ = {isa = PBXBuildFile; fileRef = 2399CF3D2617363800FD9B1C /* TrainerChallengeViewController.swift */; };
		2399CF41261736FD00FD9B1C /* DBManager.swift in Sources */ = {isa = PBXBuildFile; fileRef = 2399CF40261736FD00FD9B1C /* DBManager.swift */; };
		23A717102621DD8500C43FD4 /* model.scnassets in Resources */ = {isa = PBXBuildFile; fileRef = 23A7170F2621DD8500C43FD4 /* model.scnassets */; };
		23A717132621E2B100C43FD4 /* Extension.swift in Sources */ = {isa = PBXBuildFile; fileRef = 23A717122621E2B100C43FD4 /* Extension.swift */; };
		23A717182621E2D100C43FD4 /* WorkoutNode.swift in Sources */ = {isa = PBXBuildFile; fileRef = 23A717152621E2D000C43FD4 /* WorkoutNode.swift */; };
		23A717192621E2D100C43FD4 /* WorkoutViewController.swift in Sources */ = {isa = PBXBuildFile; fileRef = 23A717162621E2D100C43FD4 /* WorkoutViewController.swift */; };
		23A7171A2621E2D100C43FD4 /* WorkoutModel.swift in Sources */ = {isa = PBXBuildFile; fileRef = 23A717172621E2D100C43FD4 /* WorkoutModel.swift */; };
		23A7171E2621EA4500C43FD4 /* PlayerCell.swift in Sources */ = {isa = PBXBuildFile; fileRef = 23A7171D2621EA4500C43FD4 /* PlayerCell.swift */; };
		3F1C3D6B261216A900246872 /* UsersTableViewController.swift in Sources */ = {isa = PBXBuildFile; fileRef = 3F1C3D6A261216A900246872 /* UsersTableViewController.swift */; };
		3F1C3DA2261221B600246872 /* UserProfileViewController.swift in Sources */ = {isa = PBXBuildFile; fileRef = 3F1C3DA1261221B600246872 /* UserProfileViewController.swift */; };
		3F2A3796262BA6E0009EDE21 /* ViewController.swift in Sources */ = {isa = PBXBuildFile; fileRef = 3F2A3795262BA6E0009EDE21 /* ViewController.swift */; };
		3F2A3799262BA7C7009EDE21 /* UserActivitysTableView.swift in Sources */ = {isa = PBXBuildFile; fileRef = 3F2A3798262BA7C7009EDE21 /* UserActivitysTableView.swift */; };
		3F2D0E62261C93EB0029D96C /* OtherUserPosts.swift in Sources */ = {isa = PBXBuildFile; fileRef = 3F2D0E61261C93EB0029D96C /* OtherUserPosts.swift */; };
		3F2D0E65261C94CA0029D96C /* OtherUserPostViewController.swift in Sources */ = {isa = PBXBuildFile; fileRef = 3F2D0E64261C94CA0029D96C /* OtherUserPostViewController.swift */; };
		3F2D100F261DF2510029D96C /* TactivitiTable.swift in Sources */ = {isa = PBXBuildFile; fileRef = 3F2D100E261DF2500029D96C /* TactivitiTable.swift */; };
		3F2D1012261DF28B0029D96C /* TchallengesTable.swift in Sources */ = {isa = PBXBuildFile; fileRef = 3F2D1011261DF28B0029D96C /* TchallengesTable.swift */; };
		3F4683AD25D448CC007F9D66 /* Constants.swift in Sources */ = {isa = PBXBuildFile; fileRef = 3F4683AC25D448CC007F9D66 /* Constants.swift */; };
		3F775B6825ED5426001FDD9D /* SettingsViewController.swift in Sources */ = {isa = PBXBuildFile; fileRef = 3F775B6725ED5426001FDD9D /* SettingsViewController.swift */; };
		3F885DA0261A56DB003BF3F3 /* FollowersTableViewController.swift in Sources */ = {isa = PBXBuildFile; fileRef = 3F885D9F261A56DB003BF3F3 /* FollowersTableViewController.swift */; };
		3F885DA3261A58CF003BF3F3 /* FollowingTableViewController.swift in Sources */ = {isa = PBXBuildFile; fileRef = 3F885DA2261A58CF003BF3F3 /* FollowingTableViewController.swift */; };
		3F92ADF4261E16BE00EC3085 /* OtherUsersViewController.swift in Sources */ = {isa = PBXBuildFile; fileRef = 3F92ADF3261E16BE00EC3085 /* OtherUsersViewController.swift */; };
		3F92AE11261F2CB400EC3085 /* CreateActivity.swift in Sources */ = {isa = PBXBuildFile; fileRef = 3F92AE10261F2CB400EC3085 /* CreateActivity.swift */; };
		3F92AEB2261F532300EC3085 /* Activity.swift in Sources */ = {isa = PBXBuildFile; fileRef = 3F92AEB1261F532300EC3085 /* Activity.swift */; };
		3F92AECF261F5C8F00EC3085 /* ActivityCell.swift in Sources */ = {isa = PBXBuildFile; fileRef = 3F92AECE261F5C8F00EC3085 /* ActivityCell.swift */; };
		3F92AED2261F623600EC3085 /* ActivitysListTable.swift in Sources */ = {isa = PBXBuildFile; fileRef = 3F92AED1261F623600EC3085 /* ActivitysListTable.swift */; };
		3FA4932C260B613C0052A1BD /* approveCell.swift in Sources */ = {isa = PBXBuildFile; fileRef = 3FA49327260B613C0052A1BD /* approveCell.swift */; };
		3FA4932D260B613C0052A1BD /* ApproveTrainer.swift in Sources */ = {isa = PBXBuildFile; fileRef = 3FA49328260B613C0052A1BD /* ApproveTrainer.swift */; };
		3FA4932E260B613C0052A1BD /* Trainner.swift in Sources */ = {isa = PBXBuildFile; fileRef = 3FA49329260B613C0052A1BD /* Trainner.swift */; };
		3FA4932F260B613C0052A1BD /* ShowTrainner.swift in Sources */ = {isa = PBXBuildFile; fileRef = 3FA4932A260B613C0052A1BD /* ShowTrainner.swift */; };
		3FA49330260B613C0052A1BD /* AdminLogin.swift in Sources */ = {isa = PBXBuildFile; fileRef = 3FA4932B260B613C0052A1BD /* AdminLogin.swift */; };
		3FB6B9AF25EE91F800483AA9 /* CurrentUser.swift in Sources */ = {isa = PBXBuildFile; fileRef = 3FB6B9AE25EE91F800483AA9 /* CurrentUser.swift */; };
		3FBB14F725C81CFB0098C299 /* AppDelegate.swift in Sources */ = {isa = PBXBuildFile; fileRef = 3FBB14F625C81CFB0098C299 /* AppDelegate.swift */; };
		3FBB14F925C81CFB0098C299 /* SceneDelegate.swift in Sources */ = {isa = PBXBuildFile; fileRef = 3FBB14F825C81CFB0098C299 /* SceneDelegate.swift */; };
		3FBB14FE25C81CFB0098C299 /* Main.storyboard in Resources */ = {isa = PBXBuildFile; fileRef = 3FBB14FC25C81CFB0098C299 /* Main.storyboard */; };
		3FBB150025C81CFD0098C299 /* Assets.xcassets in Resources */ = {isa = PBXBuildFile; fileRef = 3FBB14FF25C81CFD0098C299 /* Assets.xcassets */; };
		3FBB150D25C968560098C299 /* LOGINViewController.swift in Sources */ = {isa = PBXBuildFile; fileRef = 3FBB150C25C968560098C299 /* LOGINViewController.swift */; };
		3FBB153025C9C3660098C299 /* ForgotPasswordViewController.swift in Sources */ = {isa = PBXBuildFile; fileRef = 3FBB152F25C9C3660098C299 /* ForgotPasswordViewController.swift */; };
		3FBB153325C9CF4B0098C299 /* SingupAsViewController.swift in Sources */ = {isa = PBXBuildFile; fileRef = 3FBB153225C9CF4B0098C299 /* SingupAsViewController.swift */; };
		3FBB154025CAE8900098C299 /* UserSingupViewController.swift in Sources */ = {isa = PBXBuildFile; fileRef = 3FBB153F25CAE8900098C299 /* UserSingupViewController.swift */; };
		3FBB155725CE96780098C299 /* Utilities.swift in Sources */ = {isa = PBXBuildFile; fileRef = 3FBB155525CE96780098C299 /* Utilities.swift */; };
		3FBB155E25D12CC60098C299 /* GoogleService-Info.plist in Resources */ = {isa = PBXBuildFile; fileRef = 3FBB155D25D12CC60098C299 /* GoogleService-Info.plist */; };
		3FD4742825D3264700260C1A /* Service.swift in Sources */ = {isa = PBXBuildFile; fileRef = 3FD4742725D3264600260C1A /* Service.swift */; };
		3FD4745A25D336CA00260C1A /* TrainerSingupViewController.swift in Sources */ = {isa = PBXBuildFile; fileRef = 3FD4745925D336CA00260C1A /* TrainerSingupViewController.swift */; };
		3FEF2CE126283C0700D9EC33 /* LaunchScreen.storyboard in Resources */ = {isa = PBXBuildFile; fileRef = 3FEF2CE026283C0600D9EC33 /* LaunchScreen.storyboard */; };
		3FF0142D2621EDBA00948FDB /* ActivityDescription.swift in Sources */ = {isa = PBXBuildFile; fileRef = 3FF0142C2621EDBA00948FDB /* ActivityDescription.swift */; };
		3FF335A22614D82400A905EF /* TrainerProfile.swift in Sources */ = {isa = PBXBuildFile; fileRef = 3FF335A12614D82400A905EF /* TrainerProfile.swift */; };
		3FF335C12614DD6A00A905EF /* TrainerSettings.swift in Sources */ = {isa = PBXBuildFile; fileRef = 3FF335C02614DD6A00A905EF /* TrainerSettings.swift */; };
		3FF3367E26164B3700A905EF /* UserPostsViewController.swift in Sources */ = {isa = PBXBuildFile; fileRef = 3FF3367D26164B3700A905EF /* UserPostsViewController.swift */; };
		3FF3369C2616547200A905EF /* UserPostCell.swift in Sources */ = {isa = PBXBuildFile; fileRef = 3FF3369B2616547200A905EF /* UserPostCell.swift */; };
		940F4BD625E56E7C00508368 /* activityLocations.swift in Sources */ = {isa = PBXBuildFile; fileRef = 940F4BD525E56E7C00508368 /* activityLocations.swift */; };
		940F4C36260227B600508368 /* createChallenge.swift in Sources */ = {isa = PBXBuildFile; fileRef = 940F4C35260227B600508368 /* createChallenge.swift */; };
		9449C07225D1350C002E0AAB /* HomePageViewController.swift in Sources */ = {isa = PBXBuildFile; fileRef = 9449C07125D1350C002E0AAB /* HomePageViewController.swift */; };
		9449C07725D13531002E0AAB /* SearchTableViewController.swift in Sources */ = {isa = PBXBuildFile; fileRef = 9449C07425D13531002E0AAB /* SearchTableViewController.swift */; };
		9449C07825D13531002E0AAB /* MyTabBar.swift in Sources */ = {isa = PBXBuildFile; fileRef = 9449C07525D13531002E0AAB /* MyTabBar.swift */; };
		9449C07925D13531002E0AAB /* TabBarViewController.swift in Sources */ = {isa = PBXBuildFile; fileRef = 9449C07625D13531002E0AAB /* TabBarViewController.swift */; };
		9475D8ED2608CE4A00116877 /* MapViewController.swift in Sources */ = {isa = PBXBuildFile; fileRef = 9475D8EC2608CE4A00116877 /* MapViewController.swift */; };
		9475D8F02608CE5100116877 /* Place.swift in Sources */ = {isa = PBXBuildFile; fileRef = 9475D8EF2608CE5100116877 /* Place.swift */; };
		9475D8F32608CE6000116877 /* PlaceViews.swift in Sources */ = {isa = PBXBuildFile; fileRef = 9475D8F22608CE6000116877 /* PlaceViews.swift */; };
		94CBF5DF2631FFA200741E76 /* CreateGameViewController.swift in Sources */ = {isa = PBXBuildFile; fileRef = 2310421A261B3750006B2EE4 /* CreateGameViewController.swift */; };
		94D4604A25E3E528009F31A6 /* NotificationViewController.swift in Sources */ = {isa = PBXBuildFile; fileRef = 94D4604925E3E528009F31A6 /* NotificationViewController.swift */; };
		94DDE11925DD34F80029FA09 /* Post.swift in Sources */ = {isa = PBXBuildFile; fileRef = 94DDE11825DD34F80029FA09 /* Post.swift */; };
		94DDE11C25DD350B0029FA09 /* PostCell.swift in Sources */ = {isa = PBXBuildFile; fileRef = 94DDE11B25DD350B0029FA09 /* PostCell.swift */; };
		94DDE11F25DD35140029FA09 /* TimelineViewController.swift in Sources */ = {isa = PBXBuildFile; fileRef = 94DDE11E25DD35140029FA09 /* TimelineViewController.swift */; };
		94DDE13925DD3B810029FA09 /* SegmentedControlViewController.swift in Sources */ = {isa = PBXBuildFile; fileRef = 94DDE13825DD3B810029FA09 /* SegmentedControlViewController.swift */; };
		CE49441B2610DB4F008DC32B /* OtherTrainersViewController.swift in Sources */ = {isa = PBXBuildFile; fileRef = CE49441A2610DB4F008DC32B /* OtherTrainersViewController.swift */; };
		CE49454D26123346008DC32B /* CircularTransition.swift in Sources */ = {isa = PBXBuildFile; fileRef = CE49454C26123346008DC32B /* CircularTransition.swift */; };
		CE494551261233FC008DC32B /* CreateRoomViewController.swift in Sources */ = {isa = PBXBuildFile; fileRef = CE494550261233FC008DC32B /* CreateRoomViewController.swift */; };
		CE58002926261C6E002C3F1C /* RoomsCell.swift in Sources */ = {isa = PBXBuildFile; fileRef = CE58002826261C6E002C3F1C /* RoomsCell.swift */; };
		CE71EE302629372000121E1C /* TRoomsViewController.swift in Sources */ = {isa = PBXBuildFile; fileRef = CE71EE2F2629371F00121E1C /* TRoomsViewController.swift */; };
		CE71EE322629372900121E1C /* TRoomViewController.swift in Sources */ = {isa = PBXBuildFile; fileRef = CE71EE312629372900121E1C /* TRoomViewController.swift */; };
		CEBE937D2602758F00A0E363 /* CalenderViewController.swift in Sources */ = {isa = PBXBuildFile; fileRef = CEBE937C2602758F00A0E363 /* CalenderViewController.swift */; };
		CEBE9381260387A800A0E363 /* AddViewController.swift in Sources */ = {isa = PBXBuildFile; fileRef = CEBE9380260387A700A0E363 /* AddViewController.swift */; };
		CEC3478C260BFC7C004B3754 /* searchBViewController.swift in Sources */ = {isa = PBXBuildFile; fileRef = CEC3478B260BFC7C004B3754 /* searchBViewController.swift */; };
		CEC34795260C1BA9004B3754 /* TrainersTableViewController.swift in Sources */ = {isa = PBXBuildFile; fileRef = CEC34794260C1BA3004B3754 /* TrainersTableViewController.swift */; };
		CED6030B25F3D5BB00C4ACE4 /* RoomsViewController.swift in Sources */ = {isa = PBXBuildFile; fileRef = CED6030A25F3D5BB00C4ACE4 /* RoomsViewController.swift */; };
		CED6033425F41ABE00C4ACE4 /* Room.swift in Sources */ = {isa = PBXBuildFile; fileRef = CED6033325F41ABE00C4ACE4 /* Room.swift */; };
		CED6033925F41DB400C4ACE4 /* RoomViewController.swift in Sources */ = {isa = PBXBuildFile; fileRef = CED6033825F41DB400C4ACE4 /* RoomViewController.swift */; };
		CED6034225F4353E00C4ACE4 /* ChatCell.swift in Sources */ = {isa = PBXBuildFile; fileRef = CED6034125F4353E00C4ACE4 /* ChatCell.swift */; };
		CED6034525F43C5E00C4ACE4 /* Messages.swift in Sources */ = {isa = PBXBuildFile; fileRef = CED6034425F43C5E00C4ACE4 /* Messages.swift */; };
		F9F49256EE71AF5DBDB64948 /* Pods_HarakaApp.framework in Frameworks */ = {isa = PBXBuildFile; fileRef = D31ADC4FBCA540673158B70D /* Pods_HarakaApp.framework */; };
/* End PBXBuildFile section */

/* Begin PBXFileReference section */
		230273AE25E93C4A00DC6C31 /* UserInfo.swift */ = {isa = PBXFileReference; lastKnownFileType = sourcecode.swift; path = UserInfo.swift; sourceTree = "<group>"; };
		23104217261B34A7006B2EE4 /* GameRoomsViewController.swift */ = {isa = PBXFileReference; lastKnownFileType = sourcecode.swift; path = GameRoomsViewController.swift; sourceTree = "<group>"; };
		2310421A261B3750006B2EE4 /* CreateGameViewController.swift */ = {isa = PBXFileReference; lastKnownFileType = sourcecode.swift; path = CreateGameViewController.swift; sourceTree = "<group>"; };
		2310421D261B39E4006B2EE4 /* Game.swift */ = {isa = PBXFileReference; lastKnownFileType = sourcecode.swift; path = Game.swift; sourceTree = "<group>"; };
		23104220261B56E8006B2EE4 /* GameCell.swift */ = {isa = PBXFileReference; lastKnownFileType = sourcecode.swift; path = GameCell.swift; sourceTree = "<group>"; };
		232E738A25F56B560029D39C /* ChallengeCell.swift */ = {isa = PBXFileReference; lastKnownFileType = sourcecode.swift; path = ChallengeCell.swift; sourceTree = "<group>"; };
		232E738D25F56BAC0029D39C /* Challenge.swift */ = {isa = PBXFileReference; lastKnownFileType = sourcecode.swift; path = Challenge.swift; sourceTree = "<group>"; };
		232E739025F588290029D39C /* ChallengeViewController.swift */ = {isa = PBXFileReference; lastKnownFileType = sourcecode.swift; path = ChallengeViewController.swift; sourceTree = "<group>"; };
		2357979C2607E3280017C166 /* CommentViewController.swift */ = {isa = PBXFileReference; lastKnownFileType = sourcecode.swift; path = CommentViewController.swift; sourceTree = "<group>"; };
		2357979F2607E4420017C166 /* Comment.swift */ = {isa = PBXFileReference; lastKnownFileType = sourcecode.swift; path = Comment.swift; sourceTree = "<group>"; };
		235797A22607E4540017C166 /* CommentCell.swift */ = {isa = PBXFileReference; lastKnownFileType = sourcecode.swift; path = CommentCell.swift; sourceTree = "<group>"; };
		236C961225E182BB0032ECC3 /* AddPostController.swift */ = {isa = PBXFileReference; lastKnownFileType = sourcecode.swift; path = AddPostController.swift; sourceTree = "<group>"; };
		23985FBE26021BB100FB2764 /* GameViewController.swift */ = {isa = PBXFileReference; lastKnownFileType = sourcecode.swift; path = GameViewController.swift; sourceTree = "<group>"; };
		2399CF3D2617363800FD9B1C /* TrainerChallengeViewController.swift */ = {isa = PBXFileReference; lastKnownFileType = sourcecode.swift; path = TrainerChallengeViewController.swift; sourceTree = "<group>"; };
		2399CF40261736FD00FD9B1C /* DBManager.swift */ = {isa = PBXFileReference; lastKnownFileType = sourcecode.swift; path = DBManager.swift; sourceTree = "<group>"; };
		23A7170F2621DD8500C43FD4 /* model.scnassets */ = {isa = PBXFileReference; lastKnownFileType = wrapper.scnassets; path = model.scnassets; sourceTree = "<group>"; };
		23A717122621E2B100C43FD4 /* Extension.swift */ = {isa = PBXFileReference; fileEncoding = 4; lastKnownFileType = sourcecode.swift; path = Extension.swift; sourceTree = "<group>"; };
		23A717152621E2D000C43FD4 /* WorkoutNode.swift */ = {isa = PBXFileReference; fileEncoding = 4; lastKnownFileType = sourcecode.swift; path = WorkoutNode.swift; sourceTree = "<group>"; };
		23A717162621E2D100C43FD4 /* WorkoutViewController.swift */ = {isa = PBXFileReference; fileEncoding = 4; lastKnownFileType = sourcecode.swift; path = WorkoutViewController.swift; sourceTree = "<group>"; };
		23A717172621E2D100C43FD4 /* WorkoutModel.swift */ = {isa = PBXFileReference; fileEncoding = 4; lastKnownFileType = sourcecode.swift; path = WorkoutModel.swift; sourceTree = "<group>"; };
		23A7171D2621EA4500C43FD4 /* PlayerCell.swift */ = {isa = PBXFileReference; lastKnownFileType = sourcecode.swift; path = PlayerCell.swift; sourceTree = "<group>"; };
		3F1C3D6A261216A900246872 /* UsersTableViewController.swift */ = {isa = PBXFileReference; fileEncoding = 4; lastKnownFileType = sourcecode.swift; path = UsersTableViewController.swift; sourceTree = "<group>"; };
		3F1C3DA1261221B600246872 /* UserProfileViewController.swift */ = {isa = PBXFileReference; fileEncoding = 4; lastKnownFileType = sourcecode.swift; path = UserProfileViewController.swift; sourceTree = "<group>"; };
		3F2A3795262BA6E0009EDE21 /* ViewController.swift */ = {isa = PBXFileReference; lastKnownFileType = sourcecode.swift; path = ViewController.swift; sourceTree = "<group>"; };
		3F2A3798262BA7C7009EDE21 /* UserActivitysTableView.swift */ = {isa = PBXFileReference; fileEncoding = 4; lastKnownFileType = sourcecode.swift; path = UserActivitysTableView.swift; sourceTree = "<group>"; };
		3F2D0E61261C93EB0029D96C /* OtherUserPosts.swift */ = {isa = PBXFileReference; lastKnownFileType = sourcecode.swift; path = OtherUserPosts.swift; sourceTree = "<group>"; };
		3F2D0E64261C94CA0029D96C /* OtherUserPostViewController.swift */ = {isa = PBXFileReference; lastKnownFileType = sourcecode.swift; path = OtherUserPostViewController.swift; sourceTree = "<group>"; };
		3F2D100E261DF2500029D96C /* TactivitiTable.swift */ = {isa = PBXFileReference; lastKnownFileType = sourcecode.swift; path = TactivitiTable.swift; sourceTree = "<group>"; };
		3F2D1011261DF28B0029D96C /* TchallengesTable.swift */ = {isa = PBXFileReference; lastKnownFileType = sourcecode.swift; path = TchallengesTable.swift; sourceTree = "<group>"; };
		3F4683AC25D448CC007F9D66 /* Constants.swift */ = {isa = PBXFileReference; lastKnownFileType = sourcecode.swift; path = Constants.swift; sourceTree = "<group>"; };
		3F6A0DEC25DD2AA500AAB91A /* TimelineViewController.swift */ = {isa = PBXFileReference; fileEncoding = 4; lastKnownFileType = sourcecode.swift; path = TimelineViewController.swift; sourceTree = "<group>"; };
		3F6A0DED25DD2AA600AAB91A /* Post.swift */ = {isa = PBXFileReference; fileEncoding = 4; lastKnownFileType = sourcecode.swift; path = Post.swift; sourceTree = "<group>"; };
		3F6A0DEE25DD2AA600AAB91A /* PostCell.swift */ = {isa = PBXFileReference; fileEncoding = 4; lastKnownFileType = sourcecode.swift; path = PostCell.swift; sourceTree = "<group>"; };
		3F775B6725ED5426001FDD9D /* SettingsViewController.swift */ = {isa = PBXFileReference; lastKnownFileType = sourcecode.swift; path = SettingsViewController.swift; sourceTree = "<group>"; };
		3F885D9F261A56DB003BF3F3 /* FollowersTableViewController.swift */ = {isa = PBXFileReference; lastKnownFileType = sourcecode.swift; path = FollowersTableViewController.swift; sourceTree = "<group>"; };
		3F885DA2261A58CF003BF3F3 /* FollowingTableViewController.swift */ = {isa = PBXFileReference; lastKnownFileType = sourcecode.swift; path = FollowingTableViewController.swift; sourceTree = "<group>"; };
		3F92ADF3261E16BE00EC3085 /* OtherUsersViewController.swift */ = {isa = PBXFileReference; lastKnownFileType = sourcecode.swift; path = OtherUsersViewController.swift; sourceTree = "<group>"; };
		3F92AE10261F2CB400EC3085 /* CreateActivity.swift */ = {isa = PBXFileReference; lastKnownFileType = sourcecode.swift; path = CreateActivity.swift; sourceTree = "<group>"; };
		3F92AEB1261F532300EC3085 /* Activity.swift */ = {isa = PBXFileReference; lastKnownFileType = sourcecode.swift; path = Activity.swift; sourceTree = "<group>"; };
		3F92AECE261F5C8F00EC3085 /* ActivityCell.swift */ = {isa = PBXFileReference; lastKnownFileType = sourcecode.swift; path = ActivityCell.swift; sourceTree = "<group>"; };
		3F92AED1261F623600EC3085 /* ActivitysListTable.swift */ = {isa = PBXFileReference; lastKnownFileType = sourcecode.swift; path = ActivitysListTable.swift; sourceTree = "<group>"; };
		3FA49327260B613C0052A1BD /* approveCell.swift */ = {isa = PBXFileReference; fileEncoding = 4; lastKnownFileType = sourcecode.swift; path = approveCell.swift; sourceTree = "<group>"; };
		3FA49328260B613C0052A1BD /* ApproveTrainer.swift */ = {isa = PBXFileReference; fileEncoding = 4; lastKnownFileType = sourcecode.swift; path = ApproveTrainer.swift; sourceTree = "<group>"; };
		3FA49329260B613C0052A1BD /* Trainner.swift */ = {isa = PBXFileReference; fileEncoding = 4; lastKnownFileType = sourcecode.swift; path = Trainner.swift; sourceTree = "<group>"; };
		3FA4932A260B613C0052A1BD /* ShowTrainner.swift */ = {isa = PBXFileReference; fileEncoding = 4; lastKnownFileType = sourcecode.swift; path = ShowTrainner.swift; sourceTree = "<group>"; };
		3FA4932B260B613C0052A1BD /* AdminLogin.swift */ = {isa = PBXFileReference; fileEncoding = 4; lastKnownFileType = sourcecode.swift; path = AdminLogin.swift; sourceTree = "<group>"; };
		3FB6B9AE25EE91F800483AA9 /* CurrentUser.swift */ = {isa = PBXFileReference; lastKnownFileType = sourcecode.swift; path = CurrentUser.swift; sourceTree = "<group>"; };
		3FBB14F325C81CFB0098C299 /* HarakaApp.app */ = {isa = PBXFileReference; explicitFileType = wrapper.application; includeInIndex = 0; path = HarakaApp.app; sourceTree = BUILT_PRODUCTS_DIR; };
		3FBB14F625C81CFB0098C299 /* AppDelegate.swift */ = {isa = PBXFileReference; lastKnownFileType = sourcecode.swift; path = AppDelegate.swift; sourceTree = "<group>"; };
		3FBB14F825C81CFB0098C299 /* SceneDelegate.swift */ = {isa = PBXFileReference; lastKnownFileType = sourcecode.swift; path = SceneDelegate.swift; sourceTree = "<group>"; };
		3FBB14FD25C81CFB0098C299 /* Base */ = {isa = PBXFileReference; lastKnownFileType = file.storyboard; name = Base; path = Base.lproj/Main.storyboard; sourceTree = "<group>"; };
		3FBB14FF25C81CFD0098C299 /* Assets.xcassets */ = {isa = PBXFileReference; lastKnownFileType = folder.assetcatalog; path = Assets.xcassets; sourceTree = "<group>"; };
		3FBB150425C81CFD0098C299 /* Info.plist */ = {isa = PBXFileReference; lastKnownFileType = text.plist.xml; path = Info.plist; sourceTree = "<group>"; };
		3FBB150C25C968560098C299 /* LOGINViewController.swift */ = {isa = PBXFileReference; lastKnownFileType = sourcecode.swift; path = LOGINViewController.swift; sourceTree = "<group>"; };
		3FBB152F25C9C3660098C299 /* ForgotPasswordViewController.swift */ = {isa = PBXFileReference; lastKnownFileType = sourcecode.swift; path = ForgotPasswordViewController.swift; sourceTree = "<group>"; };
		3FBB153225C9CF4B0098C299 /* SingupAsViewController.swift */ = {isa = PBXFileReference; lastKnownFileType = sourcecode.swift; path = SingupAsViewController.swift; sourceTree = "<group>"; };
		3FBB153F25CAE8900098C299 /* UserSingupViewController.swift */ = {isa = PBXFileReference; lastKnownFileType = sourcecode.swift; path = UserSingupViewController.swift; sourceTree = "<group>"; };
		3FBB155525CE96780098C299 /* Utilities.swift */ = {isa = PBXFileReference; fileEncoding = 4; lastKnownFileType = sourcecode.swift; path = Utilities.swift; sourceTree = "<group>"; };
		3FBB155D25D12CC60098C299 /* GoogleService-Info.plist */ = {isa = PBXFileReference; fileEncoding = 4; lastKnownFileType = text.plist.xml; path = "GoogleService-Info.plist"; sourceTree = "<group>"; };
		3FD4742725D3264600260C1A /* Service.swift */ = {isa = PBXFileReference; fileEncoding = 4; lastKnownFileType = sourcecode.swift; path = Service.swift; sourceTree = "<group>"; };
		3FD4745925D336CA00260C1A /* TrainerSingupViewController.swift */ = {isa = PBXFileReference; lastKnownFileType = sourcecode.swift; path = TrainerSingupViewController.swift; sourceTree = "<group>"; };
		3FEF2CE026283C0600D9EC33 /* LaunchScreen.storyboard */ = {isa = PBXFileReference; lastKnownFileType = file.storyboard; path = LaunchScreen.storyboard; sourceTree = "<group>"; };
		3FF0142C2621EDBA00948FDB /* ActivityDescription.swift */ = {isa = PBXFileReference; lastKnownFileType = sourcecode.swift; path = ActivityDescription.swift; sourceTree = "<group>"; };
		3FF335A12614D82400A905EF /* TrainerProfile.swift */ = {isa = PBXFileReference; lastKnownFileType = sourcecode.swift; path = TrainerProfile.swift; sourceTree = "<group>"; };
		3FF335C02614DD6A00A905EF /* TrainerSettings.swift */ = {isa = PBXFileReference; lastKnownFileType = sourcecode.swift; path = TrainerSettings.swift; sourceTree = "<group>"; };
		3FF3367D26164B3700A905EF /* UserPostsViewController.swift */ = {isa = PBXFileReference; lastKnownFileType = sourcecode.swift; path = UserPostsViewController.swift; sourceTree = "<group>"; };
		3FF3369B2616547200A905EF /* UserPostCell.swift */ = {isa = PBXFileReference; lastKnownFileType = sourcecode.swift; path = UserPostCell.swift; sourceTree = "<group>"; };
		8FDCB37063508050981CA58F /* Pods-HarakaApp.debug.xcconfig */ = {isa = PBXFileReference; includeInIndex = 1; lastKnownFileType = text.xcconfig; name = "Pods-HarakaApp.debug.xcconfig"; path = "Target Support Files/Pods-HarakaApp/Pods-HarakaApp.debug.xcconfig"; sourceTree = "<group>"; };
		940F4B9425E55A6800508368 /* locations.geojson */ = {isa = PBXFileReference; lastKnownFileType = text; path = locations.geojson; sourceTree = "<group>"; };
		940F4BD525E56E7C00508368 /* activityLocations.swift */ = {isa = PBXFileReference; lastKnownFileType = sourcecode.swift; path = activityLocations.swift; sourceTree = "<group>"; };
		940F4C35260227B600508368 /* createChallenge.swift */ = {isa = PBXFileReference; lastKnownFileType = sourcecode.swift; path = createChallenge.swift; sourceTree = "<group>"; };
		9449C07125D1350C002E0AAB /* HomePageViewController.swift */ = {isa = PBXFileReference; fileEncoding = 4; lastKnownFileType = sourcecode.swift; path = HomePageViewController.swift; sourceTree = "<group>"; };
		9449C07425D13531002E0AAB /* SearchTableViewController.swift */ = {isa = PBXFileReference; fileEncoding = 4; lastKnownFileType = sourcecode.swift; path = SearchTableViewController.swift; sourceTree = "<group>"; };
		9449C07525D13531002E0AAB /* MyTabBar.swift */ = {isa = PBXFileReference; fileEncoding = 4; lastKnownFileType = sourcecode.swift; path = MyTabBar.swift; sourceTree = "<group>"; };
		9449C07625D13531002E0AAB /* TabBarViewController.swift */ = {isa = PBXFileReference; fileEncoding = 4; lastKnownFileType = sourcecode.swift; path = TabBarViewController.swift; sourceTree = "<group>"; };
		9475D8EC2608CE4A00116877 /* MapViewController.swift */ = {isa = PBXFileReference; fileEncoding = 4; lastKnownFileType = sourcecode.swift; path = MapViewController.swift; sourceTree = "<group>"; };
		9475D8EF2608CE5100116877 /* Place.swift */ = {isa = PBXFileReference; fileEncoding = 4; lastKnownFileType = sourcecode.swift; path = Place.swift; sourceTree = "<group>"; };
		9475D8F22608CE6000116877 /* PlaceViews.swift */ = {isa = PBXFileReference; fileEncoding = 4; lastKnownFileType = sourcecode.swift; path = PlaceViews.swift; sourceTree = "<group>"; };
		94D4604925E3E528009F31A6 /* NotificationViewController.swift */ = {isa = PBXFileReference; lastKnownFileType = sourcecode.swift; path = NotificationViewController.swift; sourceTree = "<group>"; };
		94DDE11825DD34F80029FA09 /* Post.swift */ = {isa = PBXFileReference; fileEncoding = 4; lastKnownFileType = sourcecode.swift; path = Post.swift; sourceTree = "<group>"; };
		94DDE11B25DD350B0029FA09 /* PostCell.swift */ = {isa = PBXFileReference; fileEncoding = 4; lastKnownFileType = sourcecode.swift; path = PostCell.swift; sourceTree = "<group>"; };
		94DDE11E25DD35140029FA09 /* TimelineViewController.swift */ = {isa = PBXFileReference; fileEncoding = 4; lastKnownFileType = sourcecode.swift; path = TimelineViewController.swift; sourceTree = "<group>"; };
		94DDE13825DD3B810029FA09 /* SegmentedControlViewController.swift */ = {isa = PBXFileReference; fileEncoding = 4; lastKnownFileType = sourcecode.swift; path = SegmentedControlViewController.swift; sourceTree = "<group>"; };
		CDF00533D1AE272D2736ACA2 /* Pods-HarakaApp.release.xcconfig */ = {isa = PBXFileReference; includeInIndex = 1; lastKnownFileType = text.xcconfig; name = "Pods-HarakaApp.release.xcconfig"; path = "Target Support Files/Pods-HarakaApp/Pods-HarakaApp.release.xcconfig"; sourceTree = "<group>"; };
		CE49441A2610DB4F008DC32B /* OtherTrainersViewController.swift */ = {isa = PBXFileReference; lastKnownFileType = sourcecode.swift; path = OtherTrainersViewController.swift; sourceTree = "<group>"; };
		CE49454C26123346008DC32B /* CircularTransition.swift */ = {isa = PBXFileReference; lastKnownFileType = sourcecode.swift; path = CircularTransition.swift; sourceTree = "<group>"; };
		CE494550261233FC008DC32B /* CreateRoomViewController.swift */ = {isa = PBXFileReference; lastKnownFileType = sourcecode.swift; path = CreateRoomViewController.swift; sourceTree = "<group>"; };
		CE58002826261C6E002C3F1C /* RoomsCell.swift */ = {isa = PBXFileReference; lastKnownFileType = sourcecode.swift; path = RoomsCell.swift; sourceTree = "<group>"; };
		CE71EE2F2629371F00121E1C /* TRoomsViewController.swift */ = {isa = PBXFileReference; fileEncoding = 4; lastKnownFileType = sourcecode.swift; path = TRoomsViewController.swift; sourceTree = "<group>"; };
		CE71EE312629372900121E1C /* TRoomViewController.swift */ = {isa = PBXFileReference; fileEncoding = 4; lastKnownFileType = sourcecode.swift; path = TRoomViewController.swift; sourceTree = "<group>"; };
		CEBE937C2602758F00A0E363 /* CalenderViewController.swift */ = {isa = PBXFileReference; lastKnownFileType = sourcecode.swift; path = CalenderViewController.swift; sourceTree = "<group>"; };
		CEBE9380260387A700A0E363 /* AddViewController.swift */ = {isa = PBXFileReference; lastKnownFileType = sourcecode.swift; path = AddViewController.swift; sourceTree = "<group>"; };
		CEC3478B260BFC7C004B3754 /* searchBViewController.swift */ = {isa = PBXFileReference; lastKnownFileType = sourcecode.swift; path = searchBViewController.swift; sourceTree = "<group>"; };
		CEC34794260C1BA3004B3754 /* TrainersTableViewController.swift */ = {isa = PBXFileReference; lastKnownFileType = sourcecode.swift; path = TrainersTableViewController.swift; sourceTree = "<group>"; };
		CED6030A25F3D5BB00C4ACE4 /* RoomsViewController.swift */ = {isa = PBXFileReference; lastKnownFileType = sourcecode.swift; path = RoomsViewController.swift; sourceTree = "<group>"; };
		CED6033325F41ABE00C4ACE4 /* Room.swift */ = {isa = PBXFileReference; lastKnownFileType = sourcecode.swift; path = Room.swift; sourceTree = "<group>"; };
		CED6033825F41DB400C4ACE4 /* RoomViewController.swift */ = {isa = PBXFileReference; lastKnownFileType = sourcecode.swift; path = RoomViewController.swift; sourceTree = "<group>"; };
		CED6034125F4353E00C4ACE4 /* ChatCell.swift */ = {isa = PBXFileReference; lastKnownFileType = sourcecode.swift; path = ChatCell.swift; sourceTree = "<group>"; };
		CED6034425F43C5E00C4ACE4 /* Messages.swift */ = {isa = PBXFileReference; lastKnownFileType = sourcecode.swift; path = Messages.swift; sourceTree = "<group>"; };
		D31ADC4FBCA540673158B70D /* Pods_HarakaApp.framework */ = {isa = PBXFileReference; explicitFileType = wrapper.framework; includeInIndex = 0; path = Pods_HarakaApp.framework; sourceTree = BUILT_PRODUCTS_DIR; };
/* End PBXFileReference section */

/* Begin PBXFrameworksBuildPhase section */
		3FBB14F025C81CFB0098C299 /* Frameworks */ = {
			isa = PBXFrameworksBuildPhase;
			buildActionMask = 2147483647;
			files = (
				F9F49256EE71AF5DBDB64948 /* Pods_HarakaApp.framework in Frameworks */,
			);
			runOnlyForDeploymentPostprocessing = 0;
		};
/* End PBXFrameworksBuildPhase section */

/* Begin PBXGroup section */
		09A9E9362CD87408602D99E3 /* Pods */ = {
			isa = PBXGroup;
			children = (
				8FDCB37063508050981CA58F /* Pods-HarakaApp.debug.xcconfig */,
				CDF00533D1AE272D2736ACA2 /* Pods-HarakaApp.release.xcconfig */,
			);
			path = Pods;
			sourceTree = "<group>";
		};
		23104215261B323B006B2EE4 /* Game */ = {
			isa = PBXGroup;
			children = (
				23A717172621E2D100C43FD4 /* WorkoutModel.swift */,
				23A717152621E2D000C43FD4 /* WorkoutNode.swift */,
				23A717162621E2D100C43FD4 /* WorkoutViewController.swift */,
				23985FBE26021BB100FB2764 /* GameViewController.swift */,
				23104217261B34A7006B2EE4 /* GameRoomsViewController.swift */,
				2310421A261B3750006B2EE4 /* CreateGameViewController.swift */,
				2310421D261B39E4006B2EE4 /* Game.swift */,
				23104220261B56E8006B2EE4 /* GameCell.swift */,
				23A7171D2621EA4500C43FD4 /* PlayerCell.swift */,
			);
			path = Game;
			sourceTree = "<group>";
		};
		2399CF3C261735F300FD9B1C /* Challenges - Trainer */ = {
			isa = PBXGroup;
			children = (
				2399CF3D2617363800FD9B1C /* TrainerChallengeViewController.swift */,
			);
			path = "Challenges - Trainer";
			sourceTree = "<group>";
		};
		23A7170D2621DD1100C43FD4 /* Assets */ = {
			isa = PBXGroup;
			children = (
				23A7170F2621DD8500C43FD4 /* model.scnassets */,
				3FBB14FF25C81CFD0098C299 /* Assets.xcassets */,
			);
			path = Assets;
			sourceTree = "<group>";
		};
		23DAC3A6260BB22F000DB8AB /* Timeline */ = {
			isa = PBXGroup;
			children = (
				2357979C2607E3280017C166 /* CommentViewController.swift */,
				2357979F2607E4420017C166 /* Comment.swift */,
				235797A22607E4540017C166 /* CommentCell.swift */,
				94DDE11E25DD35140029FA09 /* TimelineViewController.swift */,
				94DDE11B25DD350B0029FA09 /* PostCell.swift */,
				236C961225E182BB0032ECC3 /* AddPostController.swift */,
				94DDE11825DD34F80029FA09 /* Post.swift */,
			);
			path = Timeline;
			sourceTree = "<group>";
		};
		23DAC3AC260BB2DB000DB8AB /* Challenges */ = {
			isa = PBXGroup;
			children = (
				232E738A25F56B560029D39C /* ChallengeCell.swift */,
				940F4C35260227B600508368 /* createChallenge.swift */,
				232E738D25F56BAC0029D39C /* Challenge.swift */,
				232E739025F588290029D39C /* ChallengeViewController.swift */,
			);
			path = Challenges;
			sourceTree = "<group>";
		};
		3F6A0D8925DD21B900AAB91A /* Recovered References */ = {
			isa = PBXGroup;
			children = (
				3F6A0DEC25DD2AA500AAB91A /* TimelineViewController.swift */,
				3F6A0DEE25DD2AA600AAB91A /* PostCell.swift */,
				3F6A0DED25DD2AA600AAB91A /* Post.swift */,
			);
			name = "Recovered References";
			sourceTree = "<group>";
		};
		3F92AE95261F51B800EC3085 /* Activity */ = {
			isa = PBXGroup;
			children = (
				3F92AE10261F2CB400EC3085 /* CreateActivity.swift */,
				3F92AED1261F623600EC3085 /* ActivitysListTable.swift */,
				3F2A3798262BA7C7009EDE21 /* UserActivitysTableView.swift */,
				3FF0142C2621EDBA00948FDB /* ActivityDescription.swift */,
				3F92AEB1261F532300EC3085 /* Activity.swift */,
				3F92AECE261F5C8F00EC3085 /* ActivityCell.swift */,
			);
			path = Activity;
			sourceTree = "<group>";
		};
		3FA49326260B613C0052A1BD /* Admin */ = {
			isa = PBXGroup;
			children = (
				3FA49327260B613C0052A1BD /* approveCell.swift */,
				3FA49328260B613C0052A1BD /* ApproveTrainer.swift */,
				3FA49329260B613C0052A1BD /* Trainner.swift */,
				3FA4932A260B613C0052A1BD /* ShowTrainner.swift */,
				3FA4932B260B613C0052A1BD /* AdminLogin.swift */,
			);
			path = Admin;
			sourceTree = "<group>";
		};
		3FBB14EA25C81CFB0098C299 = {
			isa = PBXGroup;
			children = (
				3FBB14F525C81CFB0098C299 /* HarakaApp */,
				3FBB14F425C81CFB0098C299 /* Products */,
				09A9E9362CD87408602D99E3 /* Pods */,
				C618D7C0BE288947E715461D /* Frameworks */,
				3F6A0D8925DD21B900AAB91A /* Recovered References */,
			);
			sourceTree = "<group>";
		};
		3FBB14F425C81CFB0098C299 /* Products */ = {
			isa = PBXGroup;
			children = (
				3FBB14F325C81CFB0098C299 /* HarakaApp.app */,
			);
			name = Products;
			sourceTree = "<group>";
		};
		3FBB14F525C81CFB0098C299 /* HarakaApp */ = {
			isa = PBXGroup;
			children = (
				23A7170D2621DD1100C43FD4 /* Assets */,
				3FBB155D25D12CC60098C299 /* GoogleService-Info.plist */,
				3FBB155325CE96780098C299 /* Helpers */,
				3FBB14F625C81CFB0098C299 /* AppDelegate.swift */,
				3FBB14F825C81CFB0098C299 /* SceneDelegate.swift */,
				3FBB151925C96AF50098C299 /* View controller */,
				3FBB14FC25C81CFB0098C299 /* Main.storyboard */,
				3F2A3795262BA6E0009EDE21 /* ViewController.swift */,
				3FEF2CE026283C0600D9EC33 /* LaunchScreen.storyboard */,
				3FBB150425C81CFD0098C299 /* Info.plist */,
			);
			path = HarakaApp;
			sourceTree = "<group>";
		};
		3FBB151925C96AF50098C299 /* View controller */ = {
			isa = PBXGroup;
			children = (
				3FBB150C25C968560098C299 /* LOGINViewController.swift */,
				3FBB152F25C9C3660098C299 /* ForgotPasswordViewController.swift */,
				3FBB153225C9CF4B0098C299 /* SingupAsViewController.swift */,
				3FBB153F25CAE8900098C299 /* UserSingupViewController.swift */,
				9449C07125D1350C002E0AAB /* HomePageViewController.swift */,
				9449C07525D13531002E0AAB /* MyTabBar.swift */,
				9449C07625D13531002E0AAB /* TabBarViewController.swift */,
				9449C07425D13531002E0AAB /* SearchTableViewController.swift */,
				94DDE13825DD3B810029FA09 /* SegmentedControlViewController.swift */,
				94D4604925E3E528009F31A6 /* NotificationViewController.swift */,
				3FB6B9AE25EE91F800483AA9 /* CurrentUser.swift */,
				9475D8EC2608CE4A00116877 /* MapViewController.swift */,
				9475D8EF2608CE5100116877 /* Place.swift */,
				9475D8F22608CE6000116877 /* PlaceViews.swift */,
				940F4BD525E56E7C00508368 /* activityLocations.swift */,
				940F4B9425E55A6800508368 /* locations.geojson */,
				2399CF3C261735F300FD9B1C /* Challenges - Trainer */,
				23104215261B323B006B2EE4 /* Game */,
				3FF3369E2616E10E00A905EF /* Userprofile */,
				CEC34787260BF25C004B3754 /* search user-trainer */,
				3F92AE95261F51B800EC3085 /* Activity */,
				23DAC3AC260BB2DB000DB8AB /* Challenges */,
				23DAC3A6260BB22F000DB8AB /* Timeline */,
				3FA49326260B613C0052A1BD /* Admin */,
				CED6033E25F4333C00C4ACE4 /* chatRooms */,
				3FF335BE2614DD1400A905EF /* Trainer */,
			);
			path = "View controller";
			sourceTree = "<group>";
		};
		3FBB155325CE96780098C299 /* Helpers */ = {
			isa = PBXGroup;
			children = (
				3FBB155525CE96780098C299 /* Utilities.swift */,
				3FD4742725D3264600260C1A /* Service.swift */,
				23A717122621E2B100C43FD4 /* Extension.swift */,
				3F4683AC25D448CC007F9D66 /* Constants.swift */,
				230273AE25E93C4A00DC6C31 /* UserInfo.swift */,
				2399CF40261736FD00FD9B1C /* DBManager.swift */,
			);
			path = Helpers;
			sourceTree = "<group>";
		};
		3FF335BE2614DD1400A905EF /* Trainer */ = {
			isa = PBXGroup;
			children = (
				3FD4745925D336CA00260C1A /* TrainerSingupViewController.swift */,
				3FF335A12614D82400A905EF /* TrainerProfile.swift */,
				3FF335C02614DD6A00A905EF /* TrainerSettings.swift */,
				3F2D100E261DF2500029D96C /* TactivitiTable.swift */,
				3F2D1011261DF28B0029D96C /* TchallengesTable.swift */,
			);
			path = Trainer;
			sourceTree = "<group>";
		};
		3FF3369E2616E10E00A905EF /* Userprofile */ = {
			isa = PBXGroup;
			children = (
				3F1C3DA1261221B600246872 /* UserProfileViewController.swift */,
				3F775B6725ED5426001FDD9D /* SettingsViewController.swift */,
				3FF3369B2616547200A905EF /* UserPostCell.swift */,
				3FF3367D26164B3700A905EF /* UserPostsViewController.swift */,
				3F885D9F261A56DB003BF3F3 /* FollowersTableViewController.swift */,
				3F885DA2261A58CF003BF3F3 /* FollowingTableViewController.swift */,
			);
			path = Userprofile;
			sourceTree = "<group>";
		};
		C618D7C0BE288947E715461D /* Frameworks */ = {
			isa = PBXGroup;
			children = (
				D31ADC4FBCA540673158B70D /* Pods_HarakaApp.framework */,
			);
			name = Frameworks;
			sourceTree = "<group>";
		};
		CE71EE2E2629370000121E1C /* RoomsU */ = {
			isa = PBXGroup;
			children = (
				CED6033825F41DB400C4ACE4 /* RoomViewController.swift */,
				CED6030A25F3D5BB00C4ACE4 /* RoomsViewController.swift */,
			);
			path = RoomsU;
			sourceTree = "<group>";
		};
		CEAA4A57261E1A080016490B /* RoomsT */ = {
			isa = PBXGroup;
			children = (
				CE494550261233FC008DC32B /* CreateRoomViewController.swift */,
				CE49454C26123346008DC32B /* CircularTransition.swift */,
				CE71EE312629372900121E1C /* TRoomViewController.swift */,
				CE71EE2F2629371F00121E1C /* TRoomsViewController.swift */,
			);
			path = RoomsT;
			sourceTree = "<group>";
		};
		CEBE9383260387D300A0E363 /* calender */ = {
			isa = PBXGroup;
			children = (
				CEBE937C2602758F00A0E363 /* CalenderViewController.swift */,
				CEBE9380260387A700A0E363 /* AddViewController.swift */,
			);
			name = calender;
			path = "New Group";
			sourceTree = "<group>";
		};
		CEC34787260BF25C004B3754 /* search user-trainer */ = {
			isa = PBXGroup;
			children = (
				CEC3478B260BFC7C004B3754 /* searchBViewController.swift */,
				CEC34789260BF2E8004B3754 /* search trainer */,
				CEC34788260BF28B004B3754 /* search user */,
			);
			path = "search user-trainer";
			sourceTree = "<group>";
		};
		CEC34788260BF28B004B3754 /* search user */ = {
			isa = PBXGroup;
			children = (
				3F1C3D6A261216A900246872 /* UsersTableViewController.swift */,
				3F2D0E61261C93EB0029D96C /* OtherUserPosts.swift */,
				3F2D0E64261C94CA0029D96C /* OtherUserPostViewController.swift */,
				3F92ADF3261E16BE00EC3085 /* OtherUsersViewController.swift */,
			);
			path = "search user";
			sourceTree = "<group>";
		};
		CEC34789260BF2E8004B3754 /* search trainer */ = {
			isa = PBXGroup;
			children = (
				CEC34794260C1BA3004B3754 /* TrainersTableViewController.swift */,
				CE49441A2610DB4F008DC32B /* OtherTrainersViewController.swift */,
			);
			path = "search trainer";
			sourceTree = "<group>";
		};
		CED6033225F41A6800C4ACE4 /* models "rooms" */ = {
			isa = PBXGroup;
			children = (
				CED6034125F4353E00C4ACE4 /* ChatCell.swift */,
				CED6034425F43C5E00C4ACE4 /* Messages.swift */,
				CED6033325F41ABE00C4ACE4 /* Room.swift */,
				CE58002826261C6E002C3F1C /* RoomsCell.swift */,
			);
			path = "models \"rooms\"";
			sourceTree = "<group>";
		};
		CED6033E25F4333C00C4ACE4 /* chatRooms */ = {
			isa = PBXGroup;
			children = (
				CEAA4A57261E1A080016490B /* RoomsT */,
				CE71EE2E2629370000121E1C /* RoomsU */,
				CEBE9383260387D300A0E363 /* calender */,
				CED6033225F41A6800C4ACE4 /* models "rooms" */,
			);
			path = chatRooms;
			sourceTree = "<group>";
		};
/* End PBXGroup section */

/* Begin PBXNativeTarget section */
		3FBB14F225C81CFB0098C299 /* HarakaApp */ = {
			isa = PBXNativeTarget;
			buildConfigurationList = 3FBB150725C81CFD0098C299 /* Build configuration list for PBXNativeTarget "HarakaApp" */;
			buildPhases = (
				4DFF3C0B841506CE2C0B5545 /* [CP] Check Pods Manifest.lock */,
				3FBB14EF25C81CFB0098C299 /* Sources */,
				3FBB14F025C81CFB0098C299 /* Frameworks */,
				3FBB14F125C81CFB0098C299 /* Resources */,
				7AE97B49A5D7EC93D5CF2CD1 /* [CP] Embed Pods Frameworks */,
			);
			buildRules = (
			);
			dependencies = (
			);
			name = HarakaApp;
			productName = HarakaApp;
			productReference = 3FBB14F325C81CFB0098C299 /* HarakaApp.app */;
			productType = "com.apple.product-type.application";
		};
/* End PBXNativeTarget section */

/* Begin PBXProject section */
		3FBB14EB25C81CFB0098C299 /* Project object */ = {
			isa = PBXProject;
			attributes = {
				LastSwiftUpdateCheck = 1230;
				LastUpgradeCheck = 1230;
				TargetAttributes = {
					3FBB14F225C81CFB0098C299 = {
						CreatedOnToolsVersion = 12.3;
					};
				};
			};
			buildConfigurationList = 3FBB14EE25C81CFB0098C299 /* Build configuration list for PBXProject "HarakaApp" */;
			compatibilityVersion = "Xcode 9.3";
			developmentRegion = en;
			hasScannedForEncodings = 0;
			knownRegions = (
				en,
				Base,
			);
			mainGroup = 3FBB14EA25C81CFB0098C299;
			productRefGroup = 3FBB14F425C81CFB0098C299 /* Products */;
			projectDirPath = "";
			projectRoot = "";
			targets = (
				3FBB14F225C81CFB0098C299 /* HarakaApp */,
			);
		};
/* End PBXProject section */

/* Begin PBXResourcesBuildPhase section */
		3FBB14F125C81CFB0098C299 /* Resources */ = {
			isa = PBXResourcesBuildPhase;
			buildActionMask = 2147483647;
			files = (
				3FBB155E25D12CC60098C299 /* GoogleService-Info.plist in Resources */,
				3FBB150025C81CFD0098C299 /* Assets.xcassets in Resources */,
				3FEF2CE126283C0700D9EC33 /* LaunchScreen.storyboard in Resources */,
				3FBB14FE25C81CFB0098C299 /* Main.storyboard in Resources */,
				23A717102621DD8500C43FD4 /* model.scnassets in Resources */,
			);
			runOnlyForDeploymentPostprocessing = 0;
		};
/* End PBXResourcesBuildPhase section */

/* Begin PBXShellScriptBuildPhase section */
		4DFF3C0B841506CE2C0B5545 /* [CP] Check Pods Manifest.lock */ = {
			isa = PBXShellScriptBuildPhase;
			buildActionMask = 2147483647;
			files = (
			);
			inputFileListPaths = (
			);
			inputPaths = (
				"${PODS_PODFILE_DIR_PATH}/Podfile.lock",
				"${PODS_ROOT}/Manifest.lock",
			);
			name = "[CP] Check Pods Manifest.lock";
			outputFileListPaths = (
			);
			outputPaths = (
				"$(DERIVED_FILE_DIR)/Pods-HarakaApp-checkManifestLockResult.txt",
			);
			runOnlyForDeploymentPostprocessing = 0;
			shellPath = /bin/sh;
			shellScript = "diff \"${PODS_PODFILE_DIR_PATH}/Podfile.lock\" \"${PODS_ROOT}/Manifest.lock\" > /dev/null\nif [ $? != 0 ] ; then\n    # print error to STDERR\n    echo \"error: The sandbox is not in sync with the Podfile.lock. Run 'pod install' or update your CocoaPods installation.\" >&2\n    exit 1\nfi\n# This output is used by Xcode 'outputs' to avoid re-running this script phase.\necho \"SUCCESS\" > \"${SCRIPT_OUTPUT_FILE_0}\"\n";
			showEnvVarsInLog = 0;
		};
		7AE97B49A5D7EC93D5CF2CD1 /* [CP] Embed Pods Frameworks */ = {
			isa = PBXShellScriptBuildPhase;
			buildActionMask = 2147483647;
			files = (
			);
			inputFileListPaths = (
				"${PODS_ROOT}/Target Support Files/Pods-HarakaApp/Pods-HarakaApp-frameworks-${CONFIGURATION}-input-files.xcfilelist",
			);
			name = "[CP] Embed Pods Frameworks";
			outputFileListPaths = (
				"${PODS_ROOT}/Target Support Files/Pods-HarakaApp/Pods-HarakaApp-frameworks-${CONFIGURATION}-output-files.xcfilelist",
			);
			runOnlyForDeploymentPostprocessing = 0;
			shellPath = /bin/sh;
			shellScript = "\"${PODS_ROOT}/Target Support Files/Pods-HarakaApp/Pods-HarakaApp-frameworks.sh\"\n";
			showEnvVarsInLog = 0;
		};
/* End PBXShellScriptBuildPhase section */

/* Begin PBXSourcesBuildPhase section */
		3FBB14EF25C81CFB0098C299 /* Sources */ = {
			isa = PBXSourcesBuildPhase;
			buildActionMask = 2147483647;
			files = (
				3F92ADF4261E16BE00EC3085 /* OtherUsersViewController.swift in Sources */,
				94DDE11C25DD350B0029FA09 /* PostCell.swift in Sources */,
				3FBB153025C9C3660098C299 /* ForgotPasswordViewController.swift in Sources */,
				232E738B25F56B560029D39C /* ChallengeCell.swift in Sources */,
				3F2A3799262BA7C7009EDE21 /* UserActivitysTableView.swift in Sources */,
				3FA4932F260B613C0052A1BD /* ShowTrainner.swift in Sources */,
				3FBB154025CAE8900098C299 /* UserSingupViewController.swift in Sources */,
				3F885DA3261A58CF003BF3F3 /* FollowingTableViewController.swift in Sources */,
				3F2D0E65261C94CA0029D96C /* OtherUserPostViewController.swift in Sources */,
				3F775B6825ED5426001FDD9D /* SettingsViewController.swift in Sources */,
				23A717182621E2D100C43FD4 /* WorkoutNode.swift in Sources */,
				235797A02607E4420017C166 /* Comment.swift in Sources */,
				2310421E261B39E4006B2EE4 /* Game.swift in Sources */,
				3FD4745A25D336CA00260C1A /* TrainerSingupViewController.swift in Sources */,
				CE494551261233FC008DC32B /* CreateRoomViewController.swift in Sources */,
				3FD4742825D3264700260C1A /* Service.swift in Sources */,
				2399CF41261736FD00FD9B1C /* DBManager.swift in Sources */,
				3FA49330260B613C0052A1BD /* AdminLogin.swift in Sources */,
				3F92AE11261F2CB400EC3085 /* CreateActivity.swift in Sources */,
				94DDE11F25DD35140029FA09 /* TimelineViewController.swift in Sources */,
				2399CF3E2617363900FD9B1C /* TrainerChallengeViewController.swift in Sources */,
				9449C07825D13531002E0AAB /* MyTabBar.swift in Sources */,
				94DDE13925DD3B810029FA09 /* SegmentedControlViewController.swift in Sources */,
				3FBB155725CE96780098C299 /* Utilities.swift in Sources */,
				CE49441B2610DB4F008DC32B /* OtherTrainersViewController.swift in Sources */,
				CEC3478C260BFC7C004B3754 /* searchBViewController.swift in Sources */,
				940F4BD625E56E7C00508368 /* activityLocations.swift in Sources */,
				9475D8F32608CE6000116877 /* PlaceViews.swift in Sources */,
				3FF3369C2616547200A905EF /* UserPostCell.swift in Sources */,
				94D4604A25E3E528009F31A6 /* NotificationViewController.swift in Sources */,
				3FF335A22614D82400A905EF /* TrainerProfile.swift in Sources */,
				23104218261B34A7006B2EE4 /* GameRoomsViewController.swift in Sources */,
				232E738E25F56BAC0029D39C /* Challenge.swift in Sources */,
				3FA4932D260B613C0052A1BD /* ApproveTrainer.swift in Sources */,
				3FF0142D2621EDBA00948FDB /* ActivityDescription.swift in Sources */,
				3F2D0E62261C93EB0029D96C /* OtherUserPosts.swift in Sources */,
				3FF017A8262717A400948FDB /* LaunchScreen.swift in Sources */,
				9449C07925D13531002E0AAB /* TabBarViewController.swift in Sources */,
				3F885DA0261A56DB003BF3F3 /* FollowersTableViewController.swift in Sources */,
				23985FBF26021BB100FB2764 /* GameViewController.swift in Sources */,
				94CBF5DF2631FFA200741E76 /* CreateGameViewController.swift in Sources */,
				CE71EE302629372000121E1C /* TRoomsViewController.swift in Sources */,
				230273AF25E93C4A00DC6C31 /* UserInfo.swift in Sources */,
				3F92AED2261F623600EC3085 /* ActivitysListTable.swift in Sources */,
				3F1C3D6B261216A900246872 /* UsersTableViewController.swift in Sources */,
				3F92AEB2261F532300EC3085 /* Activity.swift in Sources */,
				3F2A3796262BA6E0009EDE21 /* ViewController.swift in Sources */,
				CED6034225F4353E00C4ACE4 /* ChatCell.swift in Sources */,
				3F4683AD25D448CC007F9D66 /* Constants.swift in Sources */,
				3FBB153325C9CF4B0098C299 /* SingupAsViewController.swift in Sources */,
				3FBB150D25C968560098C299 /* LOGINViewController.swift in Sources */,
				3F92AECF261F5C8F00EC3085 /* ActivityCell.swift in Sources */,
				CE49454D26123346008DC32B /* CircularTransition.swift in Sources */,
				235797A32607E4540017C166 /* CommentCell.swift in Sources */,
				3F2D1012261DF28B0029D96C /* TchallengesTable.swift in Sources */,
				3FA4932E260B613C0052A1BD /* Trainner.swift in Sources */,
				23A7171A2621E2D100C43FD4 /* WorkoutModel.swift in Sources */,
				94DDE11925DD34F80029FA09 /* Post.swift in Sources */,
				CED6033925F41DB400C4ACE4 /* RoomViewController.swift in Sources */,
				CED6034525F43C5E00C4ACE4 /* Messages.swift in Sources */,
				3FBB14F725C81CFB0098C299 /* AppDelegate.swift in Sources */,
				23A717192621E2D100C43FD4 /* WorkoutViewController.swift in Sources */,
				23104221261B56E8006B2EE4 /* GameCell.swift in Sources */,
				CEBE9381260387A800A0E363 /* AddViewController.swift in Sources */,
				3F2D100F261DF2510029D96C /* TactivitiTable.swift in Sources */,
				3F1C3DA2261221B600246872 /* UserProfileViewController.swift in Sources */,
				236C961325E182BB0032ECC3 /* AddPostController.swift in Sources */,
				CE71EE322629372900121E1C /* TRoomViewController.swift in Sources */,
				3FF3367E26164B3700A905EF /* UserPostsViewController.swift in Sources */,
				9449C07725D13531002E0AAB /* SearchTableViewController.swift in Sources */,
				940F4C36260227B600508368 /* createChallenge.swift in Sources */,
				9475D8ED2608CE4A00116877 /* MapViewController.swift in Sources */,
				9475D8F02608CE5100116877 /* Place.swift in Sources */,
				3FBB14F925C81CFB0098C299 /* SceneDelegate.swift in Sources */,
				CED6030B25F3D5BB00C4ACE4 /* RoomsViewController.swift in Sources */,
				9449C07225D1350C002E0AAB /* HomePageViewController.swift in Sources */,
				3FF335C12614DD6A00A905EF /* TrainerSettings.swift in Sources */,
				23A7171E2621EA4500C43FD4 /* PlayerCell.swift in Sources */,
				3FBB14F925C81CFB0098C299 /* SceneDelegate.swift in Sources */,
				3FB6B9AF25EE91F800483AA9 /* CurrentUser.swift in Sources */,
				CEBE937D2602758F00A0E363 /* CalenderViewController.swift in Sources */,
				CE58002926261C6E002C3F1C /* RoomsCell.swift in Sources */,
				CEC34795260C1BA9004B3754 /* TrainersTableViewController.swift in Sources */,
				232E739125F588290029D39C /* ChallengeViewController.swift in Sources */,
				23A717132621E2B100C43FD4 /* Extension.swift in Sources */,
				CED6033425F41ABE00C4ACE4 /* Room.swift in Sources */,
				2357979D2607E3280017C166 /* CommentViewController.swift in Sources */,
				3FA4932C260B613C0052A1BD /* approveCell.swift in Sources */,
			);
			runOnlyForDeploymentPostprocessing = 0;
		};
/* End PBXSourcesBuildPhase section */

/* Begin PBXVariantGroup section */
		3FBB14FC25C81CFB0098C299 /* Main.storyboard */ = {
			isa = PBXVariantGroup;
			children = (
				3FBB14FD25C81CFB0098C299 /* Base */,
			);
			name = Main.storyboard;
			sourceTree = "<group>";
		};
/* End PBXVariantGroup section */

/* Begin XCBuildConfiguration section */
		3FBB150525C81CFD0098C299 /* Debug */ = {
			isa = XCBuildConfiguration;
			buildSettings = {
				ALWAYS_SEARCH_USER_PATHS = NO;
				CLANG_ANALYZER_NONNULL = YES;
				CLANG_ANALYZER_NUMBER_OBJECT_CONVERSION = YES_AGGRESSIVE;
				CLANG_CXX_LANGUAGE_STANDARD = "gnu++14";
				CLANG_CXX_LIBRARY = "libc++";
				CLANG_ENABLE_MODULES = YES;
				CLANG_ENABLE_OBJC_ARC = YES;
				CLANG_ENABLE_OBJC_WEAK = YES;
				CLANG_WARN_BLOCK_CAPTURE_AUTORELEASING = YES;
				CLANG_WARN_BOOL_CONVERSION = YES;
				CLANG_WARN_COMMA = YES;
				CLANG_WARN_CONSTANT_CONVERSION = YES;
				CLANG_WARN_DEPRECATED_OBJC_IMPLEMENTATIONS = YES;
				CLANG_WARN_DIRECT_OBJC_ISA_USAGE = YES_ERROR;
				CLANG_WARN_DOCUMENTATION_COMMENTS = YES;
				CLANG_WARN_EMPTY_BODY = YES;
				CLANG_WARN_ENUM_CONVERSION = YES;
				CLANG_WARN_INFINITE_RECURSION = YES;
				CLANG_WARN_INT_CONVERSION = YES;
				CLANG_WARN_NON_LITERAL_NULL_CONVERSION = YES;
				CLANG_WARN_OBJC_IMPLICIT_RETAIN_SELF = YES;
				CLANG_WARN_OBJC_LITERAL_CONVERSION = YES;
				CLANG_WARN_OBJC_ROOT_CLASS = YES_ERROR;
				CLANG_WARN_QUOTED_INCLUDE_IN_FRAMEWORK_HEADER = YES;
				CLANG_WARN_RANGE_LOOP_ANALYSIS = YES;
				CLANG_WARN_STRICT_PROTOTYPES = YES;
				CLANG_WARN_SUSPICIOUS_MOVE = YES;
				CLANG_WARN_UNGUARDED_AVAILABILITY = YES_AGGRESSIVE;
				CLANG_WARN_UNREACHABLE_CODE = YES;
				CLANG_WARN__DUPLICATE_METHOD_MATCH = YES;
				COPY_PHASE_STRIP = NO;
				DEBUG_INFORMATION_FORMAT = dwarf;
				ENABLE_STRICT_OBJC_MSGSEND = YES;
				ENABLE_TESTABILITY = YES;
				GCC_C_LANGUAGE_STANDARD = gnu11;
				GCC_DYNAMIC_NO_PIC = NO;
				GCC_NO_COMMON_BLOCKS = YES;
				GCC_OPTIMIZATION_LEVEL = 0;
				GCC_PREPROCESSOR_DEFINITIONS = (
					"DEBUG=1",
					"$(inherited)",
				);
				GCC_WARN_64_TO_32_BIT_CONVERSION = YES;
				GCC_WARN_ABOUT_RETURN_TYPE = YES_ERROR;
				GCC_WARN_UNDECLARED_SELECTOR = YES;
				GCC_WARN_UNINITIALIZED_AUTOS = YES_AGGRESSIVE;
				GCC_WARN_UNUSED_FUNCTION = YES;
				GCC_WARN_UNUSED_VARIABLE = YES;
				IPHONEOS_DEPLOYMENT_TARGET = 14.3;
				MTL_ENABLE_DEBUG_INFO = INCLUDE_SOURCE;
				MTL_FAST_MATH = YES;
				ONLY_ACTIVE_ARCH = YES;
				SDKROOT = iphoneos;
				SWIFT_ACTIVE_COMPILATION_CONDITIONS = DEBUG;
				SWIFT_OPTIMIZATION_LEVEL = "-Onone";
			};
			name = Debug;
		};
		3FBB150625C81CFD0098C299 /* Release */ = {
			isa = XCBuildConfiguration;
			buildSettings = {
				ALWAYS_SEARCH_USER_PATHS = NO;
				CLANG_ANALYZER_NONNULL = YES;
				CLANG_ANALYZER_NUMBER_OBJECT_CONVERSION = YES_AGGRESSIVE;
				CLANG_CXX_LANGUAGE_STANDARD = "gnu++14";
				CLANG_CXX_LIBRARY = "libc++";
				CLANG_ENABLE_MODULES = YES;
				CLANG_ENABLE_OBJC_ARC = YES;
				CLANG_ENABLE_OBJC_WEAK = YES;
				CLANG_WARN_BLOCK_CAPTURE_AUTORELEASING = YES;
				CLANG_WARN_BOOL_CONVERSION = YES;
				CLANG_WARN_COMMA = YES;
				CLANG_WARN_CONSTANT_CONVERSION = YES;
				CLANG_WARN_DEPRECATED_OBJC_IMPLEMENTATIONS = YES;
				CLANG_WARN_DIRECT_OBJC_ISA_USAGE = YES_ERROR;
				CLANG_WARN_DOCUMENTATION_COMMENTS = YES;
				CLANG_WARN_EMPTY_BODY = YES;
				CLANG_WARN_ENUM_CONVERSION = YES;
				CLANG_WARN_INFINITE_RECURSION = YES;
				CLANG_WARN_INT_CONVERSION = YES;
				CLANG_WARN_NON_LITERAL_NULL_CONVERSION = YES;
				CLANG_WARN_OBJC_IMPLICIT_RETAIN_SELF = YES;
				CLANG_WARN_OBJC_LITERAL_CONVERSION = YES;
				CLANG_WARN_OBJC_ROOT_CLASS = YES_ERROR;
				CLANG_WARN_QUOTED_INCLUDE_IN_FRAMEWORK_HEADER = YES;
				CLANG_WARN_RANGE_LOOP_ANALYSIS = YES;
				CLANG_WARN_STRICT_PROTOTYPES = YES;
				CLANG_WARN_SUSPICIOUS_MOVE = YES;
				CLANG_WARN_UNGUARDED_AVAILABILITY = YES_AGGRESSIVE;
				CLANG_WARN_UNREACHABLE_CODE = YES;
				CLANG_WARN__DUPLICATE_METHOD_MATCH = YES;
				COPY_PHASE_STRIP = NO;
				DEBUG_INFORMATION_FORMAT = "dwarf-with-dsym";
				ENABLE_NS_ASSERTIONS = NO;
				ENABLE_STRICT_OBJC_MSGSEND = YES;
				GCC_C_LANGUAGE_STANDARD = gnu11;
				GCC_NO_COMMON_BLOCKS = YES;
				GCC_WARN_64_TO_32_BIT_CONVERSION = YES;
				GCC_WARN_ABOUT_RETURN_TYPE = YES_ERROR;
				GCC_WARN_UNDECLARED_SELECTOR = YES;
				GCC_WARN_UNINITIALIZED_AUTOS = YES_AGGRESSIVE;
				GCC_WARN_UNUSED_FUNCTION = YES;
				GCC_WARN_UNUSED_VARIABLE = YES;
				IPHONEOS_DEPLOYMENT_TARGET = 14.3;
				MTL_ENABLE_DEBUG_INFO = NO;
				MTL_FAST_MATH = YES;
				SDKROOT = iphoneos;
				SWIFT_COMPILATION_MODE = wholemodule;
				SWIFT_OPTIMIZATION_LEVEL = "-O";
				VALIDATE_PRODUCT = YES;
			};
			name = Release;
		};
		3FBB150825C81CFD0098C299 /* Debug */ = {
			isa = XCBuildConfiguration;
			baseConfigurationReference = 8FDCB37063508050981CA58F /* Pods-HarakaApp.debug.xcconfig */;
			buildSettings = {
				ASSETCATALOG_COMPILER_APPICON_NAME = AppIcon;
				ASSETCATALOG_COMPILER_GLOBAL_ACCENT_COLOR_NAME = AccentColor;
				CODE_SIGN_STYLE = Automatic;
				DEVELOPMENT_TEAM = UBW627Y8LM;
				INFOPLIST_FILE = HarakaApp/Info.plist;
				LD_RUNPATH_SEARCH_PATHS = (
					"$(inherited)",
					"@executable_path/Frameworks",
				);
				PRODUCT_BUNDLE_IDENTIFIER = KSU.HarakaApp9;
				PRODUCT_NAME = "$(TARGET_NAME)";
				SWIFT_VERSION = 5.0;
				TARGETED_DEVICE_FAMILY = 1;
			};
			name = Debug;
		};
		3FBB150925C81CFD0098C299 /* Release */ = {
			isa = XCBuildConfiguration;
			baseConfigurationReference = CDF00533D1AE272D2736ACA2 /* Pods-HarakaApp.release.xcconfig */;
			buildSettings = {
				ASSETCATALOG_COMPILER_APPICON_NAME = AppIcon;
				ASSETCATALOG_COMPILER_GLOBAL_ACCENT_COLOR_NAME = AccentColor;
				CODE_SIGN_STYLE = Automatic;
				DEVELOPMENT_TEAM = UBW627Y8LM;
				INFOPLIST_FILE = HarakaApp/Info.plist;
				LD_RUNPATH_SEARCH_PATHS = (
					"$(inherited)",
					"@executable_path/Frameworks",
				);
				PRODUCT_BUNDLE_IDENTIFIER = KSU.HarakaApp9;
				PRODUCT_NAME = "$(TARGET_NAME)";
				SWIFT_VERSION = 5.0;
				TARGETED_DEVICE_FAMILY = 1;
			};
			name = Release;
		};
/* End XCBuildConfiguration section */

/* Begin XCConfigurationList section */
		3FBB14EE25C81CFB0098C299 /* Build configuration list for PBXProject "HarakaApp" */ = {
			isa = XCConfigurationList;
			buildConfigurations = (
				3FBB150525C81CFD0098C299 /* Debug */,
				3FBB150625C81CFD0098C299 /* Release */,
			);
			defaultConfigurationIsVisible = 0;
			defaultConfigurationName = Release;
		};
		3FBB150725C81CFD0098C299 /* Build configuration list for PBXNativeTarget "HarakaApp" */ = {
			isa = XCConfigurationList;
			buildConfigurations = (
				3FBB150825C81CFD0098C299 /* Debug */,
				3FBB150925C81CFD0098C299 /* Release */,
			);
			defaultConfigurationIsVisible = 0;
			defaultConfigurationName = Release;
		};
/* End XCConfigurationList section */
	};
	rootObject = 3FBB14EB25C81CFB0098C299 /* Project object */;
}
